
Microsoft Visual Studio Solution File, Format Version 12.00
# Visual Studio 15
VisualStudioVersion = 15.0.27703.2018
MinimumVisualStudioVersion = 10.0.40219.1
Project("{FAE04EC0-301F-11D3-BF4B-00C04F79EFBC}") = "Scraper", "Scraper\Scraper.csproj", "{CA458E1B-6DCF-4207-8979-027CE9FBD7A4}"
EndProject
Project("{2150E333-8FDC-42A3-9474-1A3956D46DE8}") = "Solution Items", "Solution Items", "{F4EF6FA0-3621-4356-BEF4-D99F2FCC5B6F}"
	ProjectSection(SolutionItems) = preProject
		Class1.cs = Class1.cs
	EndProjectSection
EndProject
Global
	GlobalSection(SolutionConfigurationPlatforms) = preSolution
		Debug|Any CPU = Debug|Any CPU
		Release|Any CPU = Release|Any CPU
	EndGlobalSection
	GlobalSection(ProjectConfigurationPlatforms) = postSolution
		{CA458E1B-6DCF-4207-8979-027CE9FBD7A4}.Debug|Any CPU.ActiveCfg = Debug|Any CPU
		{CA458E1B-6DCF-4207-8979-027CE9FBD7A4}.Debug|Any CPU.Build.0 = Debug|Any CPU
		{CA458E1B-6DCF-4207-8979-027CE9FBD7A4}.Release|Any CPU.ActiveCfg = Release|Any CPU
		{CA458E1B-6DCF-4207-8979-027CE9FBD7A4}.Release|Any CPU.Build.0 = Release|Any CPU
	EndGlobalSection
	GlobalSection(SolutionProperties) = preSolution
		HideSolutionNode = FALSE
	EndGlobalSection
	GlobalSection(ExtensibilityGlobals) = postSolution
		SolutionGuid = {731E8B67-1526-4811-A888-B22EF34D7C81}
	EndGlobalSection
EndGlobal
